
Microsoft Visual Studio Solution File, Format Version 12.00
# Visual Studio Version 17
VisualStudioVersion = 17.13.35931.197 d17.13
MinimumVisualStudioVersion = 10.0.40219.1
Project("{FAE04EC0-301F-11D3-BF4B-00C04F79EFBC}") = "HelloCSharpWorld", "HelloCSharpWorld\HelloCSharpWorld.csproj", "{DA2F38A7-9CC0-414B-8D00-BDAC117AF7F8}"
EndProject
Global
	GlobalSection(SolutionConfigurationPlatforms) = preSolution
		Debug|Any CPU = Debug|Any CPU
		Release|Any CPU = Release|Any CPU
	EndGlobalSection
	GlobalSection(ProjectConfigurationPlatforms) = postSolution
		{DA2F38A7-9CC0-414B-8D00-BDAC117AF7F8}.Debug|Any CPU.ActiveCfg = Debug|Any CPU
		{DA2F38A7-9CC0-414B-8D00-BDAC117AF7F8}.Debug|Any CPU.Build.0 = Debug|Any CPU
		{DA2F38A7-9CC0-414B-8D00-BDAC117AF7F8}.Release|Any CPU.ActiveCfg = Release|Any CPU
		{DA2F38A7-9CC0-414B-8D00-BDAC117AF7F8}.Release|Any CPU.Build.0 = Release|Any CPU
	EndGlobalSection
	GlobalSection(SolutionProperties) = preSolution
		HideSolutionNode = FALSE
	EndGlobalSection
	GlobalSection(ExtensibilityGlobals) = postSolution
		SolutionGuid = {BC8397A2-2766-4F00-BB01-96ED9415490C}
	EndGlobalSection
EndGlobal
